
Microsoft Visual Studio Solution File, Format Version 12.00
# Visual Studio 15
VisualStudioVersion = 15.0.27130.2024
MinimumVisualStudioVersion = 10.0.40219.1
Project("{6EC3EE1D-3C4E-46DD-8F32-0CC8E7565705}") = "FSharp.TypeProviders.SDK", "src\FSharp.TypeProviders.SDK.fsproj", "{6EBFDE55-9687-40A9-8C1A-6E204ECB117F}"
EndProject
Project("{6EC3EE1D-3C4E-46DD-8F32-0CC8E7565705}") = "FSharp.TypeProviders.SDK.Tests", "tests\FSharp.TypeProviders.SDK.Tests.fsproj", "{5EF9FF95-1C75-458A-983A-168E43945913}"
EndProject
Project("{6EC3EE1D-3C4E-46DD-8F32-0CC8E7565705}") = "BasicProvider", "examples\BasicProvider\BasicProvider.fsproj", "{5EF9FF95-1C75-458A-983A-168E43945914}"
EndProject
Project("{2150E333-8FDC-42A3-9474-1A3956D46DE8}") = "examples", "examples", "{E5E5268B-0B72-41FE-9747-5CEBEE3EB161}"
EndProject
Project("{6EC3EE1D-3C4E-46DD-8F32-0CC8E7565705}") = "BasicProvider.DesignTime", "examples\BasicProvider.DesignTime\BasicProvider.DesignTime.fsproj", "{8A9470AA-303A-40D3-813C-1B6563EDB573}"
EndProject
Project("{6EC3EE1D-3C4E-46DD-8F32-0CC8E7565705}") = "StressProvider", "examples\StressProvider\StressProvider.fsproj", "{D9D3ED64-F4E3-4DCC-BD34-368BD9170F89}"
EndProject
Global
	GlobalSection(Performance) = preSolution
		HasPerformanceSessions = true
	EndGlobalSection
	GlobalSection(SolutionConfigurationPlatforms) = preSolution
		Debug|Any CPU = Debug|Any CPU
		Release|Any CPU = Release|Any CPU
	EndGlobalSection
	GlobalSection(ProjectConfigurationPlatforms) = postSolution
		{6EBFDE55-9687-40A9-8C1A-6E204ECB117F}.Debug|Any CPU.ActiveCfg = Debug|Any CPU
		{6EBFDE55-9687-40A9-8C1A-6E204ECB117F}.Debug|Any CPU.Build.0 = Debug|Any CPU
		{6EBFDE55-9687-40A9-8C1A-6E204ECB117F}.Release|Any CPU.ActiveCfg = Release|Any CPU
		{6EBFDE55-9687-40A9-8C1A-6E204ECB117F}.Release|Any CPU.Build.0 = Release|Any CPU
		{5EF9FF95-1C75-458A-983A-168E43945913}.Debug|Any CPU.ActiveCfg = Debug|Any CPU
		{5EF9FF95-1C75-458A-983A-168E43945913}.Debug|Any CPU.Build.0 = Debug|Any CPU
		{5EF9FF95-1C75-458A-983A-168E43945913}.Release|Any CPU.ActiveCfg = Release|Any CPU
		{5EF9FF95-1C75-458A-983A-168E43945913}.Release|Any CPU.Build.0 = Release|Any CPU
		{5EF9FF95-1C75-458A-983A-168E43945914}.Debug|Any CPU.ActiveCfg = Debug|Any CPU
		{5EF9FF95-1C75-458A-983A-168E43945914}.Debug|Any CPU.Build.0 = Debug|Any CPU
		{5EF9FF95-1C75-458A-983A-168E43945914}.Release|Any CPU.ActiveCfg = Release|Any CPU
		{5EF9FF95-1C75-458A-983A-168E43945914}.Release|Any CPU.Build.0 = Release|Any CPU
		{8A9470AA-303A-40D3-813C-1B6563EDB573}.Debug|Any CPU.ActiveCfg = Debug|Any CPU
		{8A9470AA-303A-40D3-813C-1B6563EDB573}.Debug|Any CPU.Build.0 = Debug|Any CPU
		{8A9470AA-303A-40D3-813C-1B6563EDB573}.Release|Any CPU.ActiveCfg = Release|Any CPU
		{8A9470AA-303A-40D3-813C-1B6563EDB573}.Release|Any CPU.Build.0 = Release|Any CPU
		{D9D3ED64-F4E3-4DCC-BD34-368BD9170F89}.Debug|Any CPU.ActiveCfg = Debug|Any CPU
		{D9D3ED64-F4E3-4DCC-BD34-368BD9170F89}.Debug|Any CPU.Build.0 = Debug|Any CPU
		{D9D3ED64-F4E3-4DCC-BD34-368BD9170F89}.Release|Any CPU.ActiveCfg = Release|Any CPU
		{D9D3ED64-F4E3-4DCC-BD34-368BD9170F89}.Release|Any CPU.Build.0 = Release|Any CPU
	EndGlobalSection
	GlobalSection(SolutionProperties) = preSolution
		HideSolutionNode = FALSE
	EndGlobalSection
	GlobalSection(NestedProjects) = preSolution
		{5EF9FF95-1C75-458A-983A-168E43945914} = {E5E5268B-0B72-41FE-9747-5CEBEE3EB161}
		{8A9470AA-303A-40D3-813C-1B6563EDB573} = {E5E5268B-0B72-41FE-9747-5CEBEE3EB161}
		{D9D3ED64-F4E3-4DCC-BD34-368BD9170F89} = {E5E5268B-0B72-41FE-9747-5CEBEE3EB161}
	EndGlobalSection
	GlobalSection(ExtensibilityGlobals) = postSolution
		SolutionGuid = {469ECCE5-A55C-473A-B332-1D90D3977EFD}
	EndGlobalSection
EndGlobal
